
Microsoft Visual Studio Solution File, Format Version 12.00
# Visual Studio Version 17
VisualStudioVersion = 17.11.35312.102
MinimumVisualStudioVersion = 10.0.40219.1
Project("{FAE04EC0-301F-11D3-BF4B-00C04F79EFBC}") = "T1.PR1.SeguretatIVulnerabilitatAct5", "T1.PR1.SeguretatIVulnerabilitatAct5\T1.PR1.SeguretatIVulnerabilitatAct5.csproj", "{DDA82A0B-ABB3-44EB-827B-988D275EAB55}"
EndProject
Global
	GlobalSection(SolutionConfigurationPlatforms) = preSolution
		Debug|Any CPU = Debug|Any CPU
		Release|Any CPU = Release|Any CPU
	EndGlobalSection
	GlobalSection(ProjectConfigurationPlatforms) = postSolution
		{DDA82A0B-ABB3-44EB-827B-988D275EAB55}.Debug|Any CPU.ActiveCfg = Debug|Any CPU
		{DDA82A0B-ABB3-44EB-827B-988D275EAB55}.Debug|Any CPU.Build.0 = Debug|Any CPU
		{DDA82A0B-ABB3-44EB-827B-988D275EAB55}.Release|Any CPU.ActiveCfg = Release|Any CPU
		{DDA82A0B-ABB3-44EB-827B-988D275EAB55}.Release|Any CPU.Build.0 = Release|Any CPU
	EndGlobalSection
	GlobalSection(SolutionProperties) = preSolution
		HideSolutionNode = FALSE
	EndGlobalSection
	GlobalSection(ExtensibilityGlobals) = postSolution
		SolutionGuid = {C32250E2-DB5F-4056-A707-5B5E00C7D56F}
	EndGlobalSection
EndGlobal
